lockfileVersion: '9.0'

settings:
  autoInstallPeers: true
  excludeLinksFromLockfile: false

importers:

  .:
    devDependencies:
      '@types/react':
        specifier: ^19.2.7
        version: 19.2.7
      '@types/react-dom':
        specifier: ^19.2.3
        version: 19.2.3(@types/react@19.2.7)
      prettier:
        specifier: ^3.7.4
        version: 3.7.4
      turbo:
        specifier: ^2.7.0
        version: 2.7.0
      typescript:
        specifier: ^5.9.3
        version: 5.9.3

  packages/theme:
    dependencies:
      '@neomatrix/tokens':
        specifier: workspace:*
        version: link:../tokens

  packages/tokens: {}

  packages/ui:
    dependencies:
      '@neomatrix/theme':
        specifier: workspace:*
        version: link:../theme
      '@neomatrix/tokens':
        specifier: workspace:*
        version: link:../tokens
      react:
        specifier: ^18.2.0
        version: 18.3.1
      react-dom:
        specifier: ^18.2.0
        version: 18.3.1(react@18.3.1)

packages:

  '@types/react-dom@19.2.3':
    resolution: {integrity: sha512-jp2L/eY6fn+KgVVQAOqYItbF0VY/YApe5Mz2F0aykSO8gx31bYCZyvSeYxCHKvzHG5eZjc+zyaS5BrBWya2+kQ==}
    peerDependencies:
      '@types/react': ^19.2.0

  '@types/react@19.2.7':
    resolution: {integrity: sha512-MWtvHrGZLFttgeEj28VXHxpmwYbor/ATPYbBfSFZEIRK0ecCFLl2Qo55z52Hss+UV9CRN7trSeq1zbgx7YDWWg==}

  csstype@3.2.3:
    resolution: {integrity: sha512-z1HGKcYy2xA8AGQfwrn0PAy+PB7X/GSj3UVJW9qKyn43xWa+gl5nXmU4qqLMRzWVLFC8KusUX8T/0kCiOYpAIQ==}

  js-tokens@4.0.0:
    resolution: {integrity: sha512-RdJUflcE3cUzKiMqQgsCu06FPu9UdIJO0beYbPhHN4k6apgJtifcoCtT9bcxOpYBtpD2kCM6Sbzg4CausW/PKQ==}

  loose-envify@1.4.0:
    resolution: {integrity: sha512-lyuxPGr/Wfhrlem2CL/UcnUc1zcqKAImBDzukY7Y5F/yQiNdko6+fRLevlw1HgMySw7f611UIY408EtxRSoK3Q==}
    hasBin: true

  prettier@3.7.4:
    resolution: {integrity: sha512-v6UNi1+3hSlVvv8fSaoUbggEM5VErKmmpGA7Pl3HF8V6uKY7rvClBOJlH6yNwQtfTueNkGVpOv/mtWL9L4bgRA==}
    engines: {node: '>=14'}
    hasBin: true

  react-dom@18.3.1:
    resolution: {integrity: sha512-5m4nQKp+rZRb09LNH59GM4BxTh9251/ylbKIbpe7TpGxfJ+9kv6BLkLBXIjjspbgbnIBNqlI23tRnTWT0snUIw==}
    peerDependencies:
      react: ^18.3.1

  react@18.3.1:
    resolution: {integrity: sha512-wS+hAgJShR0KhEvPJArfuPVN1+Hz1t0Y6n5jLrGQbkb4urgPE/0Rve+1kMB1v/oWgHgm4WIcV+i7F2pTVj+2iQ==}
    engines: {node: '>=0.10.0'}

  scheduler@0.23.2:
    resolution: {integrity: sha512-UOShsPwz7NrMUqhR6t0hWjFduvOzbtv7toDH1/hIrfRNIDBnnBWd0CwJTGvTpngVlmwGCdP9/Zl/tVrDqcuYzQ==}

  turbo-darwin-64@2.7.0:
    resolution: {integrity: sha512-gwqL7cJOSYrV/jNmhXM8a2uzSFn7GcUASOuen6OgmUsafUj9SSWcgXZ/q0w9hRoL917hpidkdI//UpbxbZbwwg==}
    cpu: [x64]
    os: [darwin]

  turbo-darwin-arm64@2.7.0:
    resolution: {integrity: sha512-f3F5DYOnfE6lR6v/rSld7QGZgartKsnlIYY7jcF/AA7Wz27za9XjxMHzb+3i4pvRhAkryFgf2TNq7eCFrzyTpg==}
    cpu: [arm64]
    os: [darwin]

  turbo-linux-64@2.7.0:
    resolution: {integrity: sha512-KsC+UuKlhjCL+lom10/IYoxUsdhJOsuEki72YSr7WGYUSRihcdJQnaUyIDTlm0nPOb+gVihVNBuVP4KsNg1UnA==}
    cpu: [x64]
    os: [linux]

  turbo-linux-arm64@2.7.0:
    resolution: {integrity: sha512-1tjIYULeJtpmE/ovoI9qPBFJCtUEM7mYfeIMOIs4bXR6t/8u+rHPwr3j+vRHcXanIc42V1n3Pz52VqmJtIAviw==}
    cpu: [arm64]
    os: [linux]

  turbo-windows-64@2.7.0:
    resolution: {integrity: sha512-KThkAeax46XiH+qICCQm7R8V2pPdeTTP7ArCSRrSLqnlO75ftNm8Ljx4VAllwIZkILrq/GDM8PlyhZdPeUdDxQ==}
    cpu: [x64]
    os: [win32]

  turbo-windows-arm64@2.7.0:
    resolution: {integrity: sha512-kzI6rsQ3Ejs+CkM9HEEP3Z4h5YMCRxwIlQXFQmgXSG3BIgorCkRF2Xr7iQ2i9AGwY/6jbiAYeJbvi3yCp+noFw==}
    cpu: [arm64]
    os: [win32]

  turbo@2.7.0:
    resolution: {integrity: sha512-1dUGwi6cSSVZts1BwJa/Gh7w5dPNNGsNWZEAuRKxXWME44hTKWpQZrgiPnqMc5jJJOovzPK5N6tL+PHYRYL5Wg==}
    hasBin: true

  typescript@5.9.3:
    resolution: {integrity: sha512-jl1vZzPDinLr9eUt3J/t7V6FgNEw9QjvBPdysz9KfQDD41fQrC2Y4vKQdiaUpFT4bXlb1RHhLpp8wtm6M5TgSw==}
    engines: {node: '>=14.17'}
    hasBin: true

snapshots:

  '@types/react-dom@19.2.3(@types/react@19.2.7)':
    dependencies:
      '@types/react': 19.2.7

  '@types/react@19.2.7':
    dependencies:
      csstype: 3.2.3

  csstype@3.2.3: {}

  js-tokens@4.0.0: {}

  loose-envify@1.4.0:
    dependencies:
      js-tokens: 4.0.0

  prettier@3.7.4: {}

  react-dom@18.3.1(react@18.3.1):
    dependencies:
      loose-envify: 1.4.0
      react: 18.3.1
      scheduler: 0.23.2

  react@18.3.1:
    dependencies:
      loose-envify: 1.4.0

  scheduler@0.23.2:
    dependencies:
      loose-envify: 1.4.0

  turbo-darwin-64@2.7.0:
    optional: true

  turbo-darwin-arm64@2.7.0:
    optional: true

  turbo-linux-64@2.7.0:
    optional: true

  turbo-linux-arm64@2.7.0:
    optional: true

  turbo-windows-64@2.7.0:
    optional: true

  turbo-windows-arm64@2.7.0:
    optional: true

  turbo@2.7.0:
    optionalDependencies:
      turbo-darwin-64: 2.7.0
      turbo-darwin-arm64: 2.7.0
      turbo-linux-64: 2.7.0
      turbo-linux-arm64: 2.7.0
      turbo-windows-64: 2.7.0
      turbo-windows-arm64: 2.7.0

  typescript@5.9.3: {}
